
Microsoft Visual Studio Solution File, Format Version 12.00
# Visual Studio Version 17
VisualStudioVersion = 17.4.33110.190
MinimumVisualStudioVersion = 10.0.40219.1
Project("{FAE04EC0-301F-11D3-BF4B-00C04F79EFBC}") = "JSONInventory", "JSONInventory.csproj", "{0DDA4A65-A26F-4E36-A1A2-05EBEA616754}"
EndProject
Global
	GlobalSection(SolutionConfigurationPlatforms) = preSolution
		Debug|Any CPU = Debug|Any CPU
		Release|Any CPU = Release|Any CPU
	EndGlobalSection
	GlobalSection(ProjectConfigurationPlatforms) = postSolution
		{0DDA4A65-A26F-4E36-A1A2-05EBEA616754}.Debug|Any CPU.ActiveCfg = Debug|Any CPU
		{0DDA4A65-A26F-4E36-A1A2-05EBEA616754}.Debug|Any CPU.Build.0 = Debug|Any CPU
		{0DDA4A65-A26F-4E36-A1A2-05EBEA616754}.Release|Any CPU.ActiveCfg = Release|Any CPU
		{0DDA4A65-A26F-4E36-A1A2-05EBEA616754}.Release|Any CPU.Build.0 = Release|Any CPU
	EndGlobalSection
	GlobalSection(SolutionProperties) = preSolution
		HideSolutionNode = FALSE
	EndGlobalSection
	GlobalSection(ExtensibilityGlobals) = postSolution
		SolutionGuid = {CB9DBFF9-3C0A-4028-88D0-58E03E616900}
	EndGlobalSection
EndGlobal
